
Microsoft Visual Studio Solution File, Format Version 12.00
# Visual Studio Version 17
VisualStudioVersion = 17.2.32505.173
MinimumVisualStudioVersion = 10.0.40219.1
Project("{FAE04EC0-301F-11D3-BF4B-00C04F79EFBC}") = "internshipForm", "internshipForm\internshipForm.csproj", "{425FBA72-EB75-4EE5-8ADA-27081161C8B7}"
EndProject
Global
	GlobalSection(SolutionConfigurationPlatforms) = preSolution
		Debug|Any CPU = Debug|Any CPU
		Release|Any CPU = Release|Any CPU
	EndGlobalSection
	GlobalSection(ProjectConfigurationPlatforms) = postSolution
		{425FBA72-EB75-4EE5-8ADA-27081161C8B7}.Debug|Any CPU.ActiveCfg = Debug|Any CPU
		{425FBA72-EB75-4EE5-8ADA-27081161C8B7}.Debug|Any CPU.Build.0 = Debug|Any CPU
		{425FBA72-EB75-4EE5-8ADA-27081161C8B7}.Release|Any CPU.ActiveCfg = Release|Any CPU
		{425FBA72-EB75-4EE5-8ADA-27081161C8B7}.Release|Any CPU.Build.0 = Release|Any CPU
	EndGlobalSection
	GlobalSection(SolutionProperties) = preSolution
		HideSolutionNode = FALSE
	EndGlobalSection
	GlobalSection(ExtensibilityGlobals) = postSolution
		SolutionGuid = {48692467-BD05-4B61-9E41-B8A9C8BDC609}
	EndGlobalSection
EndGlobal
